
Microsoft Visual Studio Solution File, Format Version 12.00
# Visual Studio Version 17
VisualStudioVersion = 17.13.35931.197 d17.13
MinimumVisualStudioVersion = 10.0.40219.1
Project("{FAE04EC0-301F-11D3-BF4B-00C04F79EFBC}") = "HqmLesson08", "HqmLesson08.csproj", "{4B16EECC-61F8-417C-B680-A4854C747D1E}"
EndProject
Global
	GlobalSection(SolutionConfigurationPlatforms) = preSolution
		Debug|Any CPU = Debug|Any CPU
		Release|Any CPU = Release|Any CPU
	EndGlobalSection
	GlobalSection(ProjectConfigurationPlatforms) = postSolution
		{4B16EECC-61F8-417C-B680-A4854C747D1E}.Debug|Any CPU.ActiveCfg = Debug|Any CPU
		{4B16EECC-61F8-417C-B680-A4854C747D1E}.Debug|Any CPU.Build.0 = Debug|Any CPU
		{4B16EECC-61F8-417C-B680-A4854C747D1E}.Release|Any CPU.ActiveCfg = Release|Any CPU
		{4B16EECC-61F8-417C-B680-A4854C747D1E}.Release|Any CPU.Build.0 = Release|Any CPU
	EndGlobalSection
	GlobalSection(SolutionProperties) = preSolution
		HideSolutionNode = FALSE
	EndGlobalSection
	GlobalSection(ExtensibilityGlobals) = postSolution
		SolutionGuid = {32B5EDA4-D88A-4B9D-80ED-05DEB54E143B}
	EndGlobalSection
EndGlobal
